
Microsoft Visual Studio Solution File, Format Version 12.00
# Visual Studio Version 16
VisualStudioVersion = 16.0.32602.291
MinimumVisualStudioVersion = 10.0.40219.1
Project("{FAE04EC0-301F-11D3-BF4B-00C04F79EFBC}") = "UngDungGiaoDich", "UngDungGiaoDich\UngDungGiaoDich.csproj", "{236DD388-6C02-473D-93C2-7A0145219704}"
EndProject
Global
	GlobalSection(SolutionConfigurationPlatforms) = preSolution
		Debug|Any CPU = Debug|Any CPU
		Release|Any CPU = Release|Any CPU
	EndGlobalSection
	GlobalSection(ProjectConfigurationPlatforms) = postSolution
		{236DD388-6C02-473D-93C2-7A0145219704}.Debug|Any CPU.ActiveCfg = Debug|Any CPU
		{236DD388-6C02-473D-93C2-7A0145219704}.Debug|Any CPU.Build.0 = Debug|Any CPU
		{236DD388-6C02-473D-93C2-7A0145219704}.Release|Any CPU.ActiveCfg = Release|Any CPU
		{236DD388-6C02-473D-93C2-7A0145219704}.Release|Any CPU.Build.0 = Release|Any CPU
	EndGlobalSection
	GlobalSection(SolutionProperties) = preSolution
		HideSolutionNode = FALSE
	EndGlobalSection
	GlobalSection(ExtensibilityGlobals) = postSolution
		SolutionGuid = {6214AB4B-1319-4BC5-A93A-F88445C14C6D}
	EndGlobalSection
EndGlobal
